
Microsoft Visual Studio Solution File, Format Version 12.00
# Visual Studio Version 16
Project("{8BC9CEB8-8B4A-11D0-8D11-00A0C91BC942}") = "ALL_BUILD", "ALL_BUILD.vcxproj", "{A75BC212-D4E6-3501-9034-5AE886204B3C}"
	ProjectSection(ProjectDependencies) = postProject
		{8A3DBB90-ED16-312C-9E08-82082F5A54DC} = {8A3DBB90-ED16-312C-9E08-82082F5A54DC}
		{6DF939A7-87A0-3D92-A14C-5D19465E1F9B} = {6DF939A7-87A0-3D92-A14C-5D19465E1F9B}
		{1020A5D1-E41E-3633-BE36-F7A7E1DC4F61} = {1020A5D1-E41E-3633-BE36-F7A7E1DC4F61}
	EndProjectSection
EndProject
Project("{8BC9CEB8-8B4A-11D0-8D11-00A0C91BC942}") = "ZERO_CHECK", "..\\ZERO_CHECK.vcxproj", "{8A3DBB90-ED16-312C-9E08-82082F5A54DC}"
	ProjectSection(ProjectDependencies) = postProject
	EndProjectSection
EndProject
Project("{8BC9CEB8-8B4A-11D0-8D11-00A0C91BC942}") = "gtest", "gtest.vcxproj", "{6DF939A7-87A0-3D92-A14C-5D19465E1F9B}"
	ProjectSection(ProjectDependencies) = postProject
		{8A3DBB90-ED16-312C-9E08-82082F5A54DC} = {8A3DBB90-ED16-312C-9E08-82082F5A54DC}
	EndProjectSection
EndProject
Project("{8BC9CEB8-8B4A-11D0-8D11-00A0C91BC942}") = "gtest_main", "gtest_main.vcxproj", "{1020A5D1-E41E-3633-BE36-F7A7E1DC4F61}"
	ProjectSection(ProjectDependencies) = postProject
		{8A3DBB90-ED16-312C-9E08-82082F5A54DC} = {8A3DBB90-ED16-312C-9E08-82082F5A54DC}
		{6DF939A7-87A0-3D92-A14C-5D19465E1F9B} = {6DF939A7-87A0-3D92-A14C-5D19465E1F9B}
	EndProjectSection
EndProject
Global
	GlobalSection(SolutionConfigurationPlatforms) = preSolution
		Debug|x64 = Debug|x64
		Release|x64 = Release|x64
		MinSizeRel|x64 = MinSizeRel|x64
		RelWithDebInfo|x64 = RelWithDebInfo|x64
	EndGlobalSection
	GlobalSection(ProjectConfigurationPlatforms) = postSolution
		{A75BC212-D4E6-3501-9034-5AE886204B3C}.Debug|x64.ActiveCfg = Debug|x64
		{A75BC212-D4E6-3501-9034-5AE886204B3C}.Release|x64.ActiveCfg = Release|x64
		{A75BC212-D4E6-3501-9034-5AE886204B3C}.MinSizeRel|x64.ActiveCfg = MinSizeRel|x64
		{A75BC212-D4E6-3501-9034-5AE886204B3C}.RelWithDebInfo|x64.ActiveCfg = RelWithDebInfo|x64
		{8A3DBB90-ED16-312C-9E08-82082F5A54DC}.Debug|x64.ActiveCfg = Debug|x64
		{8A3DBB90-ED16-312C-9E08-82082F5A54DC}.Debug|x64.Build.0 = Debug|x64
		{8A3DBB90-ED16-312C-9E08-82082F5A54DC}.Release|x64.ActiveCfg = Release|x64
		{8A3DBB90-ED16-312C-9E08-82082F5A54DC}.Release|x64.Build.0 = Release|x64
		{8A3DBB90-ED16-312C-9E08-82082F5A54DC}.MinSizeRel|x64.ActiveCfg = MinSizeRel|x64
		{8A3DBB90-ED16-312C-9E08-82082F5A54DC}.MinSizeRel|x64.Build.0 = MinSizeRel|x64
		{8A3DBB90-ED16-312C-9E08-82082F5A54DC}.RelWithDebInfo|x64.ActiveCfg = RelWithDebInfo|x64
		{8A3DBB90-ED16-312C-9E08-82082F5A54DC}.RelWithDebInfo|x64.Build.0 = RelWithDebInfo|x64
		{6DF939A7-87A0-3D92-A14C-5D19465E1F9B}.Debug|x64.ActiveCfg = Debug|x64
		{6DF939A7-87A0-3D92-A14C-5D19465E1F9B}.Debug|x64.Build.0 = Debug|x64
		{6DF939A7-87A0-3D92-A14C-5D19465E1F9B}.Release|x64.ActiveCfg = Release|x64
		{6DF939A7-87A0-3D92-A14C-5D19465E1F9B}.Release|x64.Build.0 = Release|x64
		{6DF939A7-87A0-3D92-A14C-5D19465E1F9B}.MinSizeRel|x64.ActiveCfg = MinSizeRel|x64
		{6DF939A7-87A0-3D92-A14C-5D19465E1F9B}.MinSizeRel|x64.Build.0 = MinSizeRel|x64
		{6DF939A7-87A0-3D92-A14C-5D19465E1F9B}.RelWithDebInfo|x64.ActiveCfg = RelWithDebInfo|x64
		{6DF939A7-87A0-3D92-A14C-5D19465E1F9B}.RelWithDebInfo|x64.Build.0 = RelWithDebInfo|x64
		{1020A5D1-E41E-3633-BE36-F7A7E1DC4F61}.Debug|x64.ActiveCfg = Debug|x64
		{1020A5D1-E41E-3633-BE36-F7A7E1DC4F61}.Debug|x64.Build.0 = Debug|x64
		{1020A5D1-E41E-3633-BE36-F7A7E1DC4F61}.Release|x64.ActiveCfg = Release|x64
		{1020A5D1-E41E-3633-BE36-F7A7E1DC4F61}.Release|x64.Build.0 = Release|x64
		{1020A5D1-E41E-3633-BE36-F7A7E1DC4F61}.MinSizeRel|x64.ActiveCfg = MinSizeRel|x64
		{1020A5D1-E41E-3633-BE36-F7A7E1DC4F61}.MinSizeRel|x64.Build.0 = MinSizeRel|x64
		{1020A5D1-E41E-3633-BE36-F7A7E1DC4F61}.RelWithDebInfo|x64.ActiveCfg = RelWithDebInfo|x64
		{1020A5D1-E41E-3633-BE36-F7A7E1DC4F61}.RelWithDebInfo|x64.Build.0 = RelWithDebInfo|x64
	EndGlobalSection
	GlobalSection(ExtensibilityGlobals) = postSolution
		SolutionGuid = {54EB41C9-E450-3772-AEEA-589C4C8B6251}
	EndGlobalSection
	GlobalSection(ExtensibilityAddIns) = postSolution
	EndGlobalSection
EndGlobal
